
Microsoft Visual Studio Solution File, Format Version 12.00
# Visual Studio Version 17
VisualStudioVersion = 17.2.32630.192
MinimumVisualStudioVersion = 10.0.40219.1
Project("{888888A0-9F3D-457C-B088-3A5042F75D52}") = "drawing gmae", "drawing gmae\drawing gmae.pyproj", "{56503C4E-7F59-4380-AA9D-91FD8B6E2AB6}"
EndProject
Global
	GlobalSection(SolutionConfigurationPlatforms) = preSolution
		Debug|Any CPU = Debug|Any CPU
		Release|Any CPU = Release|Any CPU
	EndGlobalSection
	GlobalSection(ProjectConfigurationPlatforms) = postSolution
		{56503C4E-7F59-4380-AA9D-91FD8B6E2AB6}.Debug|Any CPU.ActiveCfg = Debug|Any CPU
		{56503C4E-7F59-4380-AA9D-91FD8B6E2AB6}.Release|Any CPU.ActiveCfg = Release|Any CPU
	EndGlobalSection
	GlobalSection(SolutionProperties) = preSolution
		HideSolutionNode = FALSE
	EndGlobalSection
	GlobalSection(ExtensibilityGlobals) = postSolution
		SolutionGuid = {E90EFAD9-9BC3-4FAA-8ADC-4430D3D502BF}
	EndGlobalSection
EndGlobal
